
Microsoft Visual Studio Solution File, Format Version 12.00
# Visual Studio Version 16
VisualStudioVersion = 16.0.31005.135
MinimumVisualStudioVersion = 10.0.40219.1
Project("{FAE04EC0-301F-11D3-BF4B-00C04F79EFBC}") = "List", "List\List.csproj", "{FC57CE38-DF59-47A0-81FE-9C3B8DAD80A0}"
EndProject
Global
	GlobalSection(SolutionConfigurationPlatforms) = preSolution
		Debug|Any CPU = Debug|Any CPU
		Release|Any CPU = Release|Any CPU
	EndGlobalSection
	GlobalSection(ProjectConfigurationPlatforms) = postSolution
		{FC57CE38-DF59-47A0-81FE-9C3B8DAD80A0}.Debug|Any CPU.ActiveCfg = Debug|Any CPU
		{FC57CE38-DF59-47A0-81FE-9C3B8DAD80A0}.Debug|Any CPU.Build.0 = Debug|Any CPU
		{FC57CE38-DF59-47A0-81FE-9C3B8DAD80A0}.Release|Any CPU.ActiveCfg = Release|Any CPU
		{FC57CE38-DF59-47A0-81FE-9C3B8DAD80A0}.Release|Any CPU.Build.0 = Release|Any CPU
	EndGlobalSection
	GlobalSection(SolutionProperties) = preSolution
		HideSolutionNode = FALSE
	EndGlobalSection
	GlobalSection(ExtensibilityGlobals) = postSolution
		SolutionGuid = {6491233A-1AF2-44F4-BC92-679B91DE2CB6}
	EndGlobalSection
EndGlobal
